// !$*UTF8*$!
{
	archiveVersion = 1;
	classes = {
	};
	objectVersion = 46;
	objects = {

/* Begin PBXBuildFile section */
		7CF89F611D4380F100907DE3 /* main.m in Sources */ = {isa = PBXBuildFile; fileRef = 7CF89F601D4380F100907DE3 /* main.m */; };
		7CF89F641D4380F100907DE3 /* AppDelegate.m in Sources */ = {isa = PBXBuildFile; fileRef = 7CF89F631D4380F100907DE3 /* AppDelegate.m */; };
		7CF89F701D4380F100907DE3 /* Main.storyboard in Resources */ = {isa = PBXBuildFile; fileRef = 7CF89F6E1D4380F100907DE3 /* Main.storyboard */; };
		7CF89F721D4380F100907DE3 /* Assets.xcassets in Resources */ = {isa = PBXBuildFile; fileRef = 7CF89F711D4380F100907DE3 /* Assets.xcassets */; };
		7CF89F751D4380F100907DE3 /* LaunchScreen.storyboard in Resources */ = {isa = PBXBuildFile; fileRef = 7CF89F731D4380F100907DE3 /* LaunchScreen.storyboard */; };
		7CF89F801D4380F200907DE3 /* Midterm__Storyboard_Tests.m in Sources */ = {isa = PBXBuildFile; fileRef = 7CF89F7F1D4380F200907DE3 /* Midterm__Storyboard_Tests.m */; };
		7CF89F8B1D4380F200907DE3 /* Midterm__Storyboard_UITests.m in Sources */ = {isa = PBXBuildFile; fileRef = 7CF89F8A1D4380F200907DE3 /* Midterm__Storyboard_UITests.m */; };
		7CF89F9E1D466CE500907DE3 /* CoreData.xcdatamodeld in Sources */ = {isa = PBXBuildFile; fileRef = 7CF89F9C1D466CE500907DE3 /* CoreData.xcdatamodeld */; };
		7CF89FAD1D46736900907DE3 /* Dog+CoreDataProperties.m in Sources */ = {isa = PBXBuildFile; fileRef = 7CF89FA41D46736900907DE3 /* Dog+CoreDataProperties.m */; };
		7CF89FAE1D46736900907DE3 /* Dog.m in Sources */ = {isa = PBXBuildFile; fileRef = 7CF89FA61D46736900907DE3 /* Dog.m */; };
		7CF89FB41D4673F300907DE3 /* LoginViewController.m in Sources */ = {isa = PBXBuildFile; fileRef = 7CF89FB31D4673F300907DE3 /* LoginViewController.m */; };
		7CF89FB71D46741200907DE3 /* SignUpViewController.m in Sources */ = {isa = PBXBuildFile; fileRef = 7CF89FB61D46741200907DE3 /* SignUpViewController.m */; };
		7CF89FBA1D46744D00907DE3 /* EventsListViewController.m in Sources */ = {isa = PBXBuildFile; fileRef = 7CF89FB91D46744D00907DE3 /* EventsListViewController.m */; };
		7CF89FBD1D46750000907DE3 /* ListOfEventsTableViewCell.m in Sources */ = {isa = PBXBuildFile; fileRef = 7CF89FBC1D46750000907DE3 /* ListOfEventsTableViewCell.m */; };
		7CF89FC11D46752900907DE3 /* EventDetailViewController.m in Sources */ = {isa = PBXBuildFile; fileRef = 7CF89FC01D46752900907DE3 /* EventDetailViewController.m */; };
		7CF89FC41D46755F00907DE3 /* CreateEventViewController.m in Sources */ = {isa = PBXBuildFile; fileRef = 7CF89FC31D46755F00907DE3 /* CreateEventViewController.m */; };
		7CF89FCB1D4675A400907DE3 /* UserProfileViewController.m in Sources */ = {isa = PBXBuildFile; fileRef = 7CF89FCA1D4675A400907DE3 /* UserProfileViewController.m */; };
		7CF89FCE1D4675D200907DE3 /* UserProfileTableViewCell.m in Sources */ = {isa = PBXBuildFile; fileRef = 7CF89FCD1D4675D200907DE3 /* UserProfileTableViewCell.m */; };
		7CF89FD81D468E0600907DE3 /* User+CoreDataProperties.m in Sources */ = {isa = PBXBuildFile; fileRef = 7CF89FD51D468E0600907DE3 /* User+CoreDataProperties.m */; };
		7CF89FD91D468E0600907DE3 /* User.m in Sources */ = {isa = PBXBuildFile; fileRef = 7CF89FD71D468E0600907DE3 /* User.m */; };
		7CF89FDE1D46963D00907DE3 /* Event+CoreDataProperties.m in Sources */ = {isa = PBXBuildFile; fileRef = 7CF89FDB1D46963D00907DE3 /* Event+CoreDataProperties.m */; };
		7CF89FDF1D46963D00907DE3 /* Event.m in Sources */ = {isa = PBXBuildFile; fileRef = 7CF89FDD1D46963D00907DE3 /* Event.m */; };
/* End PBXBuildFile section */

/* Begin PBXContainerItemProxy section */
		7CF89F7C1D4380F200907DE3 /* PBXContainerItemProxy */ = {
			isa = PBXContainerItemProxy;
			containerPortal = 7CF89F541D4380F100907DE3 /* Project object */;
			proxyType = 1;
			remoteGlobalIDString = 7CF89F5B1D4380F100907DE3;
			remoteInfo = "Midterm (Storyboard)";
		};
		7CF89F871D4380F200907DE3 /* PBXContainerItemProxy */ = {
			isa = PBXContainerItemProxy;
			containerPortal = 7CF89F541D4380F100907DE3 /* Project object */;
			proxyType = 1;
			remoteGlobalIDString = 7CF89F5B1D4380F100907DE3;
			remoteInfo = "Midterm (Storyboard)";
		};
/* End PBXContainerItemProxy section */

/* Begin PBXFileReference section */
		7CF89F5C1D4380F100907DE3 /* Midterm (Storyboard).app */ = {isa = PBXFileReference; explicitFileType = wrapper.application; includeInIndex = 0; path = "Midterm (Storyboard).app"; sourceTree = BUILT_PRODUCTS_DIR; };
		7CF89F601D4380F100907DE3 /* main.m */ = {isa = PBXFileReference; lastKnownFileType = sourcecode.c.objc; path = main.m; sourceTree = "<group>"; };
		7CF89F621D4380F100907DE3 /* AppDelegate.h */ = {isa = PBXFileReference; lastKnownFileType = sourcecode.c.h; path = AppDelegate.h; sourceTree = "<group>"; };
		7CF89F631D4380F100907DE3 /* AppDelegate.m */ = {isa = PBXFileReference; lastKnownFileType = sourcecode.c.objc; path = AppDelegate.m; sourceTree = "<group>"; };
		7CF89F6F1D4380F100907DE3 /* Base */ = {isa = PBXFileReference; lastKnownFileType = file.storyboard; name = Base; path = Base.lproj/Main.storyboard; sourceTree = "<group>"; };
		7CF89F711D4380F100907DE3 /* Assets.xcassets */ = {isa = PBXFileReference; lastKnownFileType = folder.assetcatalog; path = Assets.xcassets; sourceTree = "<group>"; };
		7CF89F741D4380F100907DE3 /* Base */ = {isa = PBXFileReference; lastKnownFileType = file.storyboard; name = Base; path = Base.lproj/LaunchScreen.storyboard; sourceTree = "<group>"; };
		7CF89F761D4380F100907DE3 /* Info.plist */ = {isa = PBXFileReference; lastKnownFileType = text.plist.xml; path = Info.plist; sourceTree = "<group>"; };
		7CF89F7B1D4380F200907DE3 /* Midterm (Storyboard)Tests.xctest */ = {isa = PBXFileReference; explicitFileType = wrapper.cfbundle; includeInIndex = 0; path = "Midterm (Storyboard)Tests.xctest"; sourceTree = BUILT_PRODUCTS_DIR; };
		7CF89F7F1D4380F200907DE3 /* Midterm__Storyboard_Tests.m */ = {isa = PBXFileReference; lastKnownFileType = sourcecode.c.objc; path = Midterm__Storyboard_Tests.m; sourceTree = "<group>"; };
		7CF89F811D4380F200907DE3 /* Info.plist */ = {isa = PBXFileReference; lastKnownFileType = text.plist.xml; path = Info.plist; sourceTree = "<group>"; };
		7CF89F861D4380F200907DE3 /* Midterm (Storyboard)UITests.xctest */ = {isa = PBXFileReference; explicitFileType = wrapper.cfbundle; includeInIndex = 0; path = "Midterm (Storyboard)UITests.xctest"; sourceTree = BUILT_PRODUCTS_DIR; };
		7CF89F8A1D4380F200907DE3 /* Midterm__Storyboard_UITests.m */ = {isa = PBXFileReference; lastKnownFileType = sourcecode.c.objc; path = Midterm__Storyboard_UITests.m; sourceTree = "<group>"; };
		7CF89F8C1D4380F200907DE3 /* Info.plist */ = {isa = PBXFileReference; lastKnownFileType = text.plist.xml; path = Info.plist; sourceTree = "<group>"; };
		7CF89F9D1D466CE500907DE3 /* CoreData.xcdatamodel */ = {isa = PBXFileReference; lastKnownFileType = wrapper.xcdatamodel; path = CoreData.xcdatamodel; sourceTree = "<group>"; };
		7CF89FA31D46736900907DE3 /* Dog+CoreDataProperties.h */ = {isa = PBXFileReference; fileEncoding = 4; lastKnownFileType = sourcecode.c.h; path = "Dog+CoreDataProperties.h"; sourceTree = "<group>"; };
		7CF89FA41D46736900907DE3 /* Dog+CoreDataProperties.m */ = {isa = PBXFileReference; fileEncoding = 4; lastKnownFileType = sourcecode.c.objc; path = "Dog+CoreDataProperties.m"; sourceTree = "<group>"; };
		7CF89FA51D46736900907DE3 /* Dog.h */ = {isa = PBXFileReference; fileEncoding = 4; lastKnownFileType = sourcecode.c.h; path = Dog.h; sourceTree = "<group>"; };
		7CF89FA61D46736900907DE3 /* Dog.m */ = {isa = PBXFileReference; fileEncoding = 4; lastKnownFileType = sourcecode.c.objc; path = Dog.m; sourceTree = "<group>"; };
		7CF89FB21D4673F300907DE3 /* LoginViewController.h */ = {isa = PBXFileReference; fileEncoding = 4; lastKnownFileType = sourcecode.c.h; path = LoginViewController.h; sourceTree = "<group>"; };
		7CF89FB31D4673F300907DE3 /* LoginViewController.m */ = {isa = PBXFileReference; fileEncoding = 4; lastKnownFileType = sourcecode.c.objc; path = LoginViewController.m; sourceTree = "<group>"; };
		7CF89FB51D46741200907DE3 /* SignUpViewController.h */ = {isa = PBXFileReference; fileEncoding = 4; lastKnownFileType = sourcecode.c.h; path = SignUpViewController.h; sourceTree = "<group>"; };
		7CF89FB61D46741200907DE3 /* SignUpViewController.m */ = {isa = PBXFileReference; fileEncoding = 4; lastKnownFileType = sourcecode.c.objc; path = SignUpViewController.m; sourceTree = "<group>"; };
		7CF89FB81D46744D00907DE3 /* EventsListViewController.h */ = {isa = PBXFileReference; fileEncoding = 4; lastKnownFileType = sourcecode.c.h; path = EventsListViewController.h; sourceTree = "<group>"; };
		7CF89FB91D46744D00907DE3 /* EventsListViewController.m */ = {isa = PBXFileReference; fileEncoding = 4; lastKnownFileType = sourcecode.c.objc; path = EventsListViewController.m; sourceTree = "<group>"; };
		7CF89FBB1D46750000907DE3 /* ListOfEventsTableViewCell.h */ = {isa = PBXFileReference; fileEncoding = 4; lastKnownFileType = sourcecode.c.h; path = ListOfEventsTableViewCell.h; sourceTree = "<group>"; };
		7CF89FBC1D46750000907DE3 /* ListOfEventsTableViewCell.m */ = {isa = PBXFileReference; fileEncoding = 4; lastKnownFileType = sourcecode.c.objc; path = ListOfEventsTableViewCell.m; sourceTree = "<group>"; };
		7CF89FBF1D46752900907DE3 /* EventDetailViewController.h */ = {isa = PBXFileReference; fileEncoding = 4; lastKnownFileType = sourcecode.c.h; path = EventDetailViewController.h; sourceTree = "<group>"; };
		7CF89FC01D46752900907DE3 /* EventDetailViewController.m */ = {isa = PBXFileReference; fileEncoding = 4; lastKnownFileType = sourcecode.c.objc; path = EventDetailViewController.m; sourceTree = "<group>"; };
		7CF89FC21D46755F00907DE3 /* CreateEventViewController.h */ = {isa = PBXFileReference; fileEncoding = 4; lastKnownFileType = sourcecode.c.h; name = CreateEventViewController.h; path = ../CreateEventViewController.h; sourceTree = "<group>"; };
		7CF89FC31D46755F00907DE3 /* CreateEventViewController.m */ = {isa = PBXFileReference; fileEncoding = 4; lastKnownFileType = sourcecode.c.objc; name = CreateEventViewController.m; path = ../CreateEventViewController.m; sourceTree = "<group>"; };
		7CF89FC91D4675A400907DE3 /* UserProfileViewController.h */ = {isa = PBXFileReference; fileEncoding = 4; lastKnownFileType = sourcecode.c.h; name = UserProfileViewController.h; path = ../UserProfileViewController.h; sourceTree = "<group>"; };
		7CF89FCA1D4675A400907DE3 /* UserProfileViewController.m */ = {isa = PBXFileReference; fileEncoding = 4; lastKnownFileType = sourcecode.c.objc; name = UserProfileViewController.m; path = ../UserProfileViewController.m; sourceTree = "<group>"; };
		7CF89FCC1D4675D200907DE3 /* UserProfileTableViewCell.h */ = {isa = PBXFileReference; fileEncoding = 4; lastKnownFileType = sourcecode.c.h; name = UserProfileTableViewCell.h; path = ../UserProfileTableViewCell.h; sourceTree = "<group>"; };
		7CF89FCD1D4675D200907DE3 /* UserProfileTableViewCell.m */ = {isa = PBXFileReference; fileEncoding = 4; lastKnownFileType = sourcecode.c.objc; name = UserProfileTableViewCell.m; path = ../UserProfileTableViewCell.m; sourceTree = "<group>"; };
		7CF89FD41D468E0600907DE3 /* User+CoreDataProperties.h */ = {isa = PBXFileReference; fileEncoding = 4; lastKnownFileType = sourcecode.c.h; path = "User+CoreDataProperties.h"; sourceTree = "<group>"; };
		7CF89FD51D468E0600907DE3 /* User+CoreDataProperties.m */ = {isa = PBXFileReference; fileEncoding = 4; lastKnownFileType = sourcecode.c.objc; path = "User+CoreDataProperties.m"; sourceTree = "<group>"; };
		7CF89FD61D468E0600907DE3 /* User.h */ = {isa = PBXFileReference; fileEncoding = 4; lastKnownFileType = sourcecode.c.h; path = User.h; sourceTree = "<group>"; };
		7CF89FD71D468E0600907DE3 /* User.m */ = {isa = PBXFileReference; fileEncoding = 4; lastKnownFileType = sourcecode.c.objc; path = User.m; sourceTree = "<group>"; };
		7CF89FDA1D46963D00907DE3 /* Event+CoreDataProperties.h */ = {isa = PBXFileReference; fileEncoding = 4; lastKnownFileType = sourcecode.c.h; path = "Event+CoreDataProperties.h"; sourceTree = "<group>"; };
		7CF89FDB1D46963D00907DE3 /* Event+CoreDataProperties.m */ = {isa = PBXFileReference; fileEncoding = 4; lastKnownFileType = sourcecode.c.objc; path = "Event+CoreDataProperties.m"; sourceTree = "<group>"; };
		7CF89FDC1D46963D00907DE3 /* Event.h */ = {isa = PBXFileReference; fileEncoding = 4; lastKnownFileType = sourcecode.c.h; path = Event.h; sourceTree = "<group>"; };
		7CF89FDD1D46963D00907DE3 /* Event.m */ = {isa = PBXFileReference; fileEncoding = 4; lastKnownFileType = sourcecode.c.objc; path = Event.m; sourceTree = "<group>"; };
/* End PBXFileReference section */

/* Begin PBXFrameworksBuildPhase section */
		7CF89F591D4380F100907DE3 /* Frameworks */ = {
			isa = PBXFrameworksBuildPhase;
			buildActionMask = 2147483647;
			files = (
			);
			runOnlyForDeploymentPostprocessing = 0;
		};
		7CF89F781D4380F200907DE3 /* Frameworks */ = {
			isa = PBXFrameworksBuildPhase;
			buildActionMask = 2147483647;
			files = (
			);
			runOnlyForDeploymentPostprocessing = 0;
		};
		7CF89F831D4380F200907DE3 /* Frameworks */ = {
			isa = PBXFrameworksBuildPhase;
			buildActionMask = 2147483647;
			files = (
			);
			runOnlyForDeploymentPostprocessing = 0;
		};
/* End PBXFrameworksBuildPhase section */

/* Begin PBXGroup section */
		7CF89F531D4380F100907DE3 = {
			isa = PBXGroup;
			children = (
				7CF89FB11D46736E00907DE3 /* CoreData */,
				7CF89F5E1D4380F100907DE3 /* Midterm (Storyboard) */,
				7CF89F7E1D4380F200907DE3 /* Midterm (Storyboard)Tests */,
				7CF89F891D4380F200907DE3 /* Midterm (Storyboard)UITests */,
				7CF89F5D1D4380F100907DE3 /* Products */,
			);
			sourceTree = "<group>";
		};
		7CF89F5D1D4380F100907DE3 /* Products */ = {
			isa = PBXGroup;
			children = (
				7CF89F5C1D4380F100907DE3 /* Midterm (Storyboard).app */,
				7CF89F7B1D4380F200907DE3 /* Midterm (Storyboard)Tests.xctest */,
				7CF89F861D4380F200907DE3 /* Midterm (Storyboard)UITests.xctest */,
			);
			name = Products;
			sourceTree = "<group>";
		};
		7CF89F5E1D4380F100907DE3 /* Midterm (Storyboard) */ = {
			isa = PBXGroup;
			children = (
				7CF89F621D4380F100907DE3 /* AppDelegate.h */,
				7CF89F631D4380F100907DE3 /* AppDelegate.m */,
				7CF89FD31D46770500907DE3 /* Views */,
				7CF89F6E1D4380F100907DE3 /* Main.storyboard */,
				7CF89F731D4380F100907DE3 /* LaunchScreen.storyboard */,
				7CF89F761D4380F100907DE3 /* Info.plist */,
				7CF89F5F1D4380F100907DE3 /* Supporting Files */,
			);
			path = "Midterm (Storyboard)";
			sourceTree = "<group>";
		};
		7CF89F5F1D4380F100907DE3 /* Supporting Files */ = {
			isa = PBXGroup;
			children = (
				7CF89F711D4380F100907DE3 /* Assets.xcassets */,
				7CF89F601D4380F100907DE3 /* main.m */,
			);
			name = "Supporting Files";
			sourceTree = "<group>";
		};
		7CF89F7E1D4380F200907DE3 /* Midterm (Storyboard)Tests */ = {
			isa = PBXGroup;
			children = (
				7CF89F7F1D4380F200907DE3 /* Midterm__Storyboard_Tests.m */,
				7CF89F811D4380F200907DE3 /* Info.plist */,
			);
			path = "Midterm (Storyboard)Tests";
			sourceTree = "<group>";
		};
		7CF89F891D4380F200907DE3 /* Midterm (Storyboard)UITests */ = {
			isa = PBXGroup;
			children = (
				7CF89F8A1D4380F200907DE3 /* Midterm__Storyboard_UITests.m */,
				7CF89F8C1D4380F200907DE3 /* Info.plist */,
			);
			path = "Midterm (Storyboard)UITests";
			sourceTree = "<group>";
		};
		7CF89FB11D46736E00907DE3 /* CoreData */ = {
			isa = PBXGroup;
			children = (
				7CF89FDA1D46963D00907DE3 /* Event+CoreDataProperties.h */,
				7CF89FDB1D46963D00907DE3 /* Event+CoreDataProperties.m */,
				7CF89FDC1D46963D00907DE3 /* Event.h */,
				7CF89FDD1D46963D00907DE3 /* Event.m */,
				7CF89FD41D468E0600907DE3 /* User+CoreDataProperties.h */,
				7CF89FD51D468E0600907DE3 /* User+CoreDataProperties.m */,
				7CF89FD61D468E0600907DE3 /* User.h */,
				7CF89FD71D468E0600907DE3 /* User.m */,
				7CF89FA31D46736900907DE3 /* Dog+CoreDataProperties.h */,
				7CF89FA41D46736900907DE3 /* Dog+CoreDataProperties.m */,
				7CF89FA51D46736900907DE3 /* Dog.h */,
				7CF89FA61D46736900907DE3 /* Dog.m */,
				7CF89F9C1D466CE500907DE3 /* CoreData.xcdatamodeld */,
			);
			name = CoreData;
			sourceTree = "<group>";
		};
		7CF89FBE1D46750800907DE3 /* List of Events */ = {
			isa = PBXGroup;
			children = (
				7CF89FB81D46744D00907DE3 /* EventsListViewController.h */,
				7CF89FB91D46744D00907DE3 /* EventsListViewController.m */,
				7CF89FBB1D46750000907DE3 /* ListOfEventsTableViewCell.h */,
				7CF89FBC1D46750000907DE3 /* ListOfEventsTableViewCell.m */,
			);
			name = "List of Events";
			sourceTree = "<group>";
		};
		7CF89FC81D46758400907DE3 /* Login */ = {
			isa = PBXGroup;
			children = (
				7CF89FB21D4673F300907DE3 /* LoginViewController.h */,
				7CF89FB31D4673F300907DE3 /* LoginViewController.m */,
			);
			name = Login;
			sourceTree = "<group>";
		};
		7CF89FCF1D4675DB00907DE3 /* User Profile */ = {
			isa = PBXGroup;
			children = (
				7CF89FC91D4675A400907DE3 /* UserProfileViewController.h */,
				7CF89FCA1D4675A400907DE3 /* UserProfileViewController.m */,
				7CF89FCC1D4675D200907DE3 /* UserProfileTableViewCell.h */,
				7CF89FCD1D4675D200907DE3 /* UserProfileTableViewCell.m */,
			);
			name = "User Profile";
			sourceTree = "<group>";
		};
		7CF89FD01D4675E900907DE3 /* Create Event */ = {
			isa = PBXGroup;
			children = (
				7CF89FC21D46755F00907DE3 /* CreateEventViewController.h */,
				7CF89FC31D46755F00907DE3 /* CreateEventViewController.m */,
			);
			name = "Create Event";
			sourceTree = "<group>";
		};
		7CF89FD11D4676EB00907DE3 /* Event Detail */ = {
			isa = PBXGroup;
			children = (
				7CF89FBF1D46752900907DE3 /* EventDetailViewController.h */,
				7CF89FC01D46752900907DE3 /* EventDetailViewController.m */,
			);
			name = "Event Detail";
			sourceTree = "<group>";
		};
		7CF89FD21D4676F500907DE3 /* Signup  */ = {
			isa = PBXGroup;
			children = (
				7CF89FB51D46741200907DE3 /* SignUpViewController.h */,
				7CF89FB61D46741200907DE3 /* SignUpViewController.m */,
			);
			name = "Signup ";
			sourceTree = "<group>";
		};
		7CF89FD31D46770500907DE3 /* Views */ = {
			isa = PBXGroup;
			children = (
				7CF89FC81D46758400907DE3 /* Login */,
				7CF89FD21D4676F500907DE3 /* Signup  */,
				7CF89FD11D4676EB00907DE3 /* Event Detail */,
				7CF89FD01D4675E900907DE3 /* Create Event */,
				7CF89FCF1D4675DB00907DE3 /* User Profile */,
				7CF89FBE1D46750800907DE3 /* List of Events */,
			);
			name = Views;
			sourceTree = "<group>";
		};
/* End PBXGroup section */

/* Begin PBXNativeTarget section */
		7CF89F5B1D4380F100907DE3 /* Midterm (Storyboard) */ = {
			isa = PBXNativeTarget;
			buildConfigurationList = 7CF89F8F1D4380F200907DE3 /* Build configuration list for PBXNativeTarget "Midterm (Storyboard)" */;
			buildPhases = (
				7CF89F581D4380F100907DE3 /* Sources */,
				7CF89F591D4380F100907DE3 /* Frameworks */,
				7CF89F5A1D4380F100907DE3 /* Resources */,
			);
			buildRules = (
			);
			dependencies = (
			);
			name = "Midterm (Storyboard)";
			productName = "Midterm (Storyboard)";
			productReference = 7CF89F5C1D4380F100907DE3 /* Midterm (Storyboard).app */;
			productType = "com.apple.product-type.application";
		};
		7CF89F7A1D4380F200907DE3 /* Midterm (Storyboard)Tests */ = {
			isa = PBXNativeTarget;
			buildConfigurationList = 7CF89F921D4380F200907DE3 /* Build configuration list for PBXNativeTarget "Midterm (Storyboard)Tests" */;
			buildPhases = (
				7CF89F771D4380F200907DE3 /* Sources */,
				7CF89F781D4380F200907DE3 /* Frameworks */,
				7CF89F791D4380F200907DE3 /* Resources */,
			);
			buildRules = (
			);
			dependencies = (
				7CF89F7D1D4380F200907DE3 /* PBXTargetDependency */,
			);
			name = "Midterm (Storyboard)Tests";
			productName = "Midterm (Storyboard)Tests";
			productReference = 7CF89F7B1D4380F200907DE3 /* Midterm (Storyboard)Tests.xctest */;
			productType = "com.apple.product-type.bundle.unit-test";
		};
		7CF89F851D4380F200907DE3 /* Midterm (Storyboard)UITests */ = {
			isa = PBXNativeTarget;
			buildConfigurationList = 7CF89F951D4380F200907DE3 /* Build configuration list for PBXNativeTarget "Midterm (Storyboard)UITests" */;
			buildPhases = (
				7CF89F821D4380F200907DE3 /* Sources */,
				7CF89F831D4380F200907DE3 /* Frameworks */,
				7CF89F841D4380F200907DE3 /* Resources */,
			);
			buildRules = (
			);
			dependencies = (
				7CF89F881D4380F200907DE3 /* PBXTargetDependency */,
			);
			name = "Midterm (Storyboard)UITests";
			productName = "Midterm (Storyboard)UITests";
			productReference = 7CF89F861D4380F200907DE3 /* Midterm (Storyboard)UITests.xctest */;
			productType = "com.apple.product-type.bundle.ui-testing";
		};
/* End PBXNativeTarget section */

/* Begin PBXProject section */
		7CF89F541D4380F100907DE3 /* Project object */ = {
			isa = PBXProject;
			attributes = {
				LastUpgradeCheck = 0730;
				ORGANIZATIONNAME = "LightHouse Labs";
				TargetAttributes = {
					7CF89F5B1D4380F100907DE3 = {
						CreatedOnToolsVersion = 7.3.1;
						DevelopmentTeam = 256HHE87HY;
					};
					7CF89F7A1D4380F200907DE3 = {
						CreatedOnToolsVersion = 7.3.1;
						TestTargetID = 7CF89F5B1D4380F100907DE3;
					};
					7CF89F851D4380F200907DE3 = {
						CreatedOnToolsVersion = 7.3.1;
						TestTargetID = 7CF89F5B1D4380F100907DE3;
					};
				};
			};
			buildConfigurationList = 7CF89F571D4380F100907DE3 /* Build configuration list for PBXProject "Midterm (Storyboard)" */;
			compatibilityVersion = "Xcode 3.2";
			developmentRegion = English;
			hasScannedForEncodings = 0;
			knownRegions = (
				en,
				Base,
			);
			mainGroup = 7CF89F531D4380F100907DE3;
			productRefGroup = 7CF89F5D1D4380F100907DE3 /* Products */;
			projectDirPath = "";
			projectRoot = "";
			targets = (
				7CF89F5B1D4380F100907DE3 /* Midterm (Storyboard) */,
				7CF89F7A1D4380F200907DE3 /* Midterm (Storyboard)Tests */,
				7CF89F851D4380F200907DE3 /* Midterm (Storyboard)UITests */,
			);
		};
/* End PBXProject section */

/* Begin PBXResourcesBuildPhase section */
		7CF89F5A1D4380F100907DE3 /* Resources */ = {
			isa = PBXResourcesBuildPhase;
			buildActionMask = 2147483647;
			files = (
				7CF89F751D4380F100907DE3 /* LaunchScreen.storyboard in Resources */,
				7CF89F721D4380F100907DE3 /* Assets.xcassets in Resources */,
				7CF89F701D4380F100907DE3 /* Main.storyboard in Resources */,
			);
			runOnlyForDeploymentPostprocessing = 0;
		};
		7CF89F791D4380F200907DE3 /* Resources */ = {
			isa = PBXResourcesBuildPhase;
			buildActionMask = 2147483647;
			files = (
			);
			runOnlyForDeploymentPostprocessing = 0;
		};
		7CF89F841D4380F200907DE3 /* Resources */ = {
			isa = PBXResourcesBuildPhase;
			buildActionMask = 2147483647;
			files = (
			);
			runOnlyForDeploymentPostprocessing = 0;
		};
/* End PBXResourcesBuildPhase section */

/* Begin PBXSourcesBuildPhase section */
		7CF89F581D4380F100907DE3 /* Sources */ = {
			isa = PBXSourcesBuildPhase;
			buildActionMask = 2147483647;
			files = (
				7CF89FB41D4673F300907DE3 /* LoginViewController.m in Sources */,
				7CF89FD91D468E0600907DE3 /* User.m in Sources */,
				7CF89FDE1D46963D00907DE3 /* Event+CoreDataProperties.m in Sources */,
				7CF89FCE1D4675D200907DE3 /* UserProfileTableViewCell.m in Sources */,
				7CF89FAE1D46736900907DE3 /* Dog.m in Sources */,
				7CF89FCB1D4675A400907DE3 /* UserProfileViewController.m in Sources */,
				7CF89FDF1D46963D00907DE3 /* Event.m in Sources */,
				7CF89F9E1D466CE500907DE3 /* CoreData.xcdatamodeld in Sources */,
				7CF89F641D4380F100907DE3 /* AppDelegate.m in Sources */,
				7CF89F611D4380F100907DE3 /* main.m in Sources */,
				7CF89FBA1D46744D00907DE3 /* EventsListViewController.m in Sources */,
				7CF89FC41D46755F00907DE3 /* CreateEventViewController.m in Sources */,
				7CF89FB71D46741200907DE3 /* SignUpViewController.m in Sources */,
				7CF89FD81D468E0600907DE3 /* User+CoreDataProperties.m in Sources */,
				7CF89FAD1D46736900907DE3 /* Dog+CoreDataProperties.m in Sources */,
				7CF89FBD1D46750000907DE3 /* ListOfEventsTableViewCell.m in Sources */,
				7CF89FC11D46752900907DE3 /* EventDetailViewController.m in Sources */,
			);
			runOnlyForDeploymentPostprocessing = 0;
		};
		7CF89F771D4380F200907DE3 /* Sources */ = {
			isa = PBXSourcesBuildPhase;
			buildActionMask = 2147483647;
			files = (
				7CF89F801D4380F200907DE3 /* Midterm__Storyboard_Tests.m in Sources */,
			);
			runOnlyForDeploymentPostprocessing = 0;
		};
		7CF89F821D4380F200907DE3 /* Sources */ = {
			isa = PBXSourcesBuildPhase;
			buildActionMask = 2147483647;
			files = (
				7CF89F8B1D4380F200907DE3 /* Midterm__Storyboard_UITests.m in Sources */,
			);
			runOnlyForDeploymentPostprocessing = 0;
		};
/* End PBXSourcesBuildPhase section */

/* Begin PBXTargetDependency section */
		7CF89F7D1D4380F200907DE3 /* PBXTargetDependency */ = {
			isa = PBXTargetDependency;
			target = 7CF89F5B1D4380F100907DE3 /* Midterm (Storyboard) */;
			targetProxy = 7CF89F7C1D4380F200907DE3 /* PBXContainerItemProxy */;
		};
		7CF89F881D4380F200907DE3 /* PBXTargetDependency */ = {
			isa = PBXTargetDependency;
			target = 7CF89F5B1D4380F100907DE3 /* Midterm (Storyboard) */;
			targetProxy = 7CF89F871D4380F200907DE3 /* PBXContainerItemProxy */;
		};
/* End PBXTargetDependency section */

/* Begin PBXVariantGroup section */
		7CF89F6E1D4380F100907DE3 /* Main.storyboard */ = {
			isa = PBXVariantGroup;
			children = (
				7CF89F6F1D4380F100907DE3 /* Base */,
			);
			name = Main.storyboard;
			sourceTree = "<group>";
		};
		7CF89F731D4380F100907DE3 /* LaunchScreen.storyboard */ = {
			isa = PBXVariantGroup;
			children = (
				7CF89F741D4380F100907DE3 /* Base */,
			);
			name = LaunchScreen.storyboard;
			sourceTree = "<group>";
		};
/* End PBXVariantGroup section */

/* Begin XCBuildConfiguration section */
		7CF89F8D1D4380F200907DE3 /* Debug */ = {
			isa = XCBuildConfiguration;
			buildSettings = {
				ALWAYS_SEARCH_USER_PATHS = NO;
				CLANG_ANALYZER_NONNULL = YES;
				CLANG_CXX_LANGUAGE_STANDARD = "gnu++0x";
				CLANG_CXX_LIBRARY = "libc++";
				CLANG_ENABLE_MODULES = YES;
				CLANG_ENABLE_OBJC_ARC = YES;
				CLANG_WARN_BOOL_CONVERSION = YES;
				CLANG_WARN_CONSTANT_CONVERSION = YES;
				CLANG_WARN_DIRECT_OBJC_ISA_USAGE = YES_ERROR;
				CLANG_WARN_EMPTY_BODY = YES;
				CLANG_WARN_ENUM_CONVERSION = YES;
				CLANG_WARN_INT_CONVERSION = YES;
				CLANG_WARN_OBJC_ROOT_CLASS = YES_ERROR;
				CLANG_WARN_UNREACHABLE_CODE = YES;
				CLANG_WARN__DUPLICATE_METHOD_MATCH = YES;
				"CODE_SIGN_IDENTITY[sdk=iphoneos*]" = "iPhone Developer";
				COPY_PHASE_STRIP = NO;
				DEBUG_INFORMATION_FORMAT = dwarf;
				ENABLE_STRICT_OBJC_MSGSEND = YES;
				ENABLE_TESTABILITY = YES;
				GCC_C_LANGUAGE_STANDARD = gnu99;
				GCC_DYNAMIC_NO_PIC = NO;
				GCC_NO_COMMON_BLOCKS = YES;
				GCC_OPTIMIZATION_LEVEL = 0;
				GCC_PREPROCESSOR_DEFINITIONS = (
					"DEBUG=1",
					"$(inherited)",
				);
				GCC_WARN_64_TO_32_BIT_CONVERSION = YES;
				GCC_WARN_ABOUT_RETURN_TYPE = YES_ERROR;
				GCC_WARN_UNDECLARED_SELECTOR = YES;
				GCC_WARN_UNINITIALIZED_AUTOS = YES_AGGRESSIVE;
				GCC_WARN_UNUSED_FUNCTION = YES;
				GCC_WARN_UNUSED_VARIABLE = YES;
				IPHONEOS_DEPLOYMENT_TARGET = 9.3;
				MTL_ENABLE_DEBUG_INFO = YES;
				ONLY_ACTIVE_ARCH = YES;
				SDKROOT = iphoneos;
			};
			name = Debug;
		};
		7CF89F8E1D4380F200907DE3 /* Release */ = {
			isa = XCBuildConfiguration;
			buildSettings = {
				ALWAYS_SEARCH_USER_PATHS = NO;
				CLANG_ANALYZER_NONNULL = YES;
				CLANG_CXX_LANGUAGE_STANDARD = "gnu++0x";
				CLANG_CXX_LIBRARY = "libc++";
				CLANG_ENABLE_MODULES = YES;
				CLANG_ENABLE_OBJC_ARC = YES;
				CLANG_WARN_BOOL_CONVERSION = YES;
				CLANG_WARN_CONSTANT_CONVERSION = YES;
				CLANG_WARN_DIRECT_OBJC_ISA_USAGE = YES_ERROR;
				CLANG_WARN_EMPTY_BODY = YES;
				CLANG_WARN_ENUM_CONVERSION = YES;
				CLANG_WARN_INT_CONVERSION = YES;
				CLANG_WARN_OBJC_ROOT_CLASS = YES_ERROR;
				CLANG_WARN_UNREACHABLE_CODE = YES;
				CLANG_WARN__DUPLICATE_METHOD_MATCH = YES;
				"CODE_SIGN_IDENTITY[sdk=iphoneos*]" = "iPhone Developer";
				COPY_PHASE_STRIP = NO;
				DEBUG_INFORMATION_FORMAT = "dwarf-with-dsym";
				ENABLE_NS_ASSERTIONS = NO;
				ENABLE_STRICT_OBJC_MSGSEND = YES;
				GCC_C_LANGUAGE_STANDARD = gnu99;
				GCC_NO_COMMON_BLOCKS = YES;
				GCC_WARN_64_TO_32_BIT_CONVERSION = YES;
				GCC_WARN_ABOUT_RETURN_TYPE = YES_ERROR;
				GCC_WARN_UNDECLARED_SELECTOR = YES;
				GCC_WARN_UNINITIALIZED_AUTOS = YES_AGGRESSIVE;
				GCC_WARN_UNUSED_FUNCTION = YES;
				GCC_WARN_UNUSED_VARIABLE = YES;
				IPHONEOS_DEPLOYMENT_TARGET = 9.3;
				MTL_ENABLE_DEBUG_INFO = NO;
				SDKROOT = iphoneos;
				VALIDATE_PRODUCT = YES;
			};
			name = Release;
		};
		7CF89F901D4380F200907DE3 /* Debug */ = {
			isa = XCBuildConfiguration;
			buildSettings = {
				ASSETCATALOG_COMPILER_APPICON_NAME = AppIcon;
				CODE_SIGN_IDENTITY = "iPhone Developer";
				"CODE_SIGN_IDENTITY[sdk=iphoneos*]" = "iPhone Developer";
				INFOPLIST_FILE = "Midterm (Storyboard)/Info.plist";
				LD_RUNPATH_SEARCH_PATHS = "$(inherited) @executable_path/Frameworks";
				PRODUCT_BUNDLE_IDENTIFIER = "VivianeChan.Midterm--Storyboard-";
				PRODUCT_NAME = "$(TARGET_NAME)";
				PROVISIONING_PROFILE = "";
			};
			name = Debug;
		};
		7CF89F911D4380F200907DE3 /* Release */ = {
			isa = XCBuildConfiguration;
			buildSettings = {
				ASSETCATALOG_COMPILER_APPICON_NAME = AppIcon;
				CODE_SIGN_IDENTITY = "iPhone Developer";
				"CODE_SIGN_IDENTITY[sdk=iphoneos*]" = "iPhone Developer";
				INFOPLIST_FILE = "Midterm (Storyboard)/Info.plist";
				LD_RUNPATH_SEARCH_PATHS = "$(inherited) @executable_path/Frameworks";
				PRODUCT_BUNDLE_IDENTIFIER = "VivianeChan.Midterm--Storyboard-";
				PRODUCT_NAME = "$(TARGET_NAME)";
				PROVISIONING_PROFILE = "";
			};
			name = Release;
		};
		7CF89F931D4380F200907DE3 /* Debug */ = {
			isa = XCBuildConfiguration;
			buildSettings = {
				BUNDLE_LOADER = "$(TEST_HOST)";
				INFOPLIST_FILE = "Midterm (Storyboard)Tests/Info.plist";
				LD_RUNPATH_SEARCH_PATHS = "$(inherited) @executable_path/Frameworks @loader_path/Frameworks";
				PRODUCT_BUNDLE_IDENTIFIER = "VivianeChan.Midterm--Storyboard-Tests";
				PRODUCT_NAME = "$(TARGET_NAME)";
				TEST_HOST = "$(BUILT_PRODUCTS_DIR)/Midterm (Storyboard).app/Midterm (Storyboard)";
			};
			name = Debug;
		};
		7CF89F941D4380F200907DE3 /* Release */ = {
			isa = XCBuildConfiguration;
			buildSettings = {
				BUNDLE_LOADER = "$(TEST_HOST)";
				INFOPLIST_FILE = "Midterm (Storyboard)Tests/Info.plist";
				LD_RUNPATH_SEARCH_PATHS = "$(inherited) @executable_path/Frameworks @loader_path/Frameworks";
				PRODUCT_BUNDLE_IDENTIFIER = "VivianeChan.Midterm--Storyboard-Tests";
				PRODUCT_NAME = "$(TARGET_NAME)";
				TEST_HOST = "$(BUILT_PRODUCTS_DIR)/Midterm (Storyboard).app/Midterm (Storyboard)";
			};
			name = Release;
		};
		7CF89F961D4380F200907DE3 /* Debug */ = {
			isa = XCBuildConfiguration;
			buildSettings = {
				INFOPLIST_FILE = "Midterm (Storyboard)UITests/Info.plist";
				LD_RUNPATH_SEARCH_PATHS = "$(inherited) @executable_path/Frameworks @loader_path/Frameworks";
				PRODUCT_BUNDLE_IDENTIFIER = "VivianeChan.Midterm--Storyboard-UITests";
				PRODUCT_NAME = "$(TARGET_NAME)";
				TEST_TARGET_NAME = "Midterm (Storyboard)";
			};
			name = Debug;
		};
		7CF89F971D4380F200907DE3 /* Release */ = {
			isa = XCBuildConfiguration;
			buildSettings = {
				INFOPLIST_FILE = "Midterm (Storyboard)UITests/Info.plist";
				LD_RUNPATH_SEARCH_PATHS = "$(inherited) @executable_path/Frameworks @loader_path/Frameworks";
				PRODUCT_BUNDLE_IDENTIFIER = "VivianeChan.Midterm--Storyboard-UITests";
				PRODUCT_NAME = "$(TARGET_NAME)";
				TEST_TARGET_NAME = "Midterm (Storyboard)";
			};
			name = Release;
		};
/* End XCBuildConfiguration section */

/* Begin XCConfigurationList section */
		7CF89F571D4380F100907DE3 /* Build configuration list for PBXProject "Midterm (Storyboard)" */ = {
			isa = XCConfigurationList;
			buildConfigurations = (
				7CF89F8D1D4380F200907DE3 /* Debug */,
				7CF89F8E1D4380F200907DE3 /* Release */,
			);
			defaultConfigurationIsVisible = 0;
			defaultConfigurationName = Release;
		};
		7CF89F8F1D4380F200907DE3 /* Build configuration list for PBXNativeTarget "Midterm (Storyboard)" */ = {
			isa = XCConfigurationList;
			buildConfigurations = (
				7CF89F901D4380F200907DE3 /* Debug */,
				7CF89F911D4380F200907DE3 /* Release */,
			);
			defaultConfigurationIsVisible = 0;
			defaultConfigurationName = Release;
		};
		7CF89F921D4380F200907DE3 /* Build configuration list for PBXNativeTarget "Midterm (Storyboard)Tests" */ = {
			isa = XCConfigurationList;
			buildConfigurations = (
				7CF89F931D4380F200907DE3 /* Debug */,
				7CF89F941D4380F200907DE3 /* Release */,
			);
			defaultConfigurationIsVisible = 0;
			defaultConfigurationName = Release;
		};
		7CF89F951D4380F200907DE3 /* Build configuration list for PBXNativeTarget "Midterm (Storyboard)UITests" */ = {
			isa = XCConfigurationList;
			buildConfigurations = (
				7CF89F961D4380F200907DE3 /* Debug */,
				7CF89F971D4380F200907DE3 /* Release */,
			);
			defaultConfigurationIsVisible = 0;
			defaultConfigurationName = Release;
		};
/* End XCConfigurationList section */

/* Begin XCVersionGroup section */
		7CF89F9C1D466CE500907DE3 /* CoreData.xcdatamodeld */ = {
			isa = XCVersionGroup;
			children = (
				7CF89F9D1D466CE500907DE3 /* CoreData.xcdatamodel */,
			);
			currentVersion = 7CF89F9D1D466CE500907DE3 /* CoreData.xcdatamodel */;
			name = CoreData.xcdatamodeld;
			path = "Midterm (Storyboard)/CoreData.xcdatamodeld";
			sourceTree = "<group>";
			versionGroupType = wrapper.xcdatamodel;
		};
/* End XCVersionGroup section */
	};
	rootObject = 7CF89F541D4380F100907DE3 /* Project object */;
}
